# THIS IS AN AUTOGENERATED FILE. DO NOT EDIT THIS FILE DIRECTLY.
# yarn lockfile v1


priority-queue-typescript@^1.0.1:
  version "1.0.1"
  resolved "https://registry.yarnpkg.com/priority-queue-typescript/-/priority-queue-typescript-1.0.1.tgz#7a89a8513af3698f7abbf3fe1123ecdf3cd22b7b"
  integrity sha512-Apycf6CgjdPRNfpZ8qgQeHVRe4B6R51QAd94k6fE13tGUpW1RLv8+ZeJipl2f0j/No3nt2Gk7dF2f+i1Au/I2w==
